PODS:
  - OBBlurPicker (1.1):
    - UIImageEffects
  - UIImageEffects (0.0.1)

DEPENDENCIES:
  - OBBlurPicker (from `../`)

EXTERNAL SOURCES:
  OBBlurPicker:
    :path: "../"

SPEC CHECKSUMS:
  OBBlurPicker: 72011797944ea2a4b2b47c1943266e25e952670d
  UIImageEffects: 37b99fa461e4965f332ca82e92f2c22a1075ee84

PODFILE CHECKSUM: 2aefaf4bfcfd172a51a3a6107a512534932fd333

COCOAPODS: 1.2.1
